Microsoft Visual Studio Solution File, Format Version 11.00
# Visual Studio 2008

Project("{BF44EFA0-6BEA-9B15-BAAB-C3FA1CC111F7}") = "CogArch", "Assembly-CSharp-firstpass.csproj", "{127048BA-7A18-336B-DED7-9F0A7F86C1B0}"
EndProject
Project("{BF44EFA0-6BEA-9B15-BAAB-C3FA1CC111F7}") = "CogArch", "Assembly-UnityScript-firstpass.unityproj", "{DE5CC811-DD72-3682-5E4C-C1A205EE0767}"
EndProject
Project("{BF44EFA0-6BEA-9B15-BAAB-C3FA1CC111F7}") = "CogArch", "Assembly-UnityScript.unityproj", "{B39418DE-52FF-EC57-0520-CF6EB7C4C59B}"
EndProject
Global
	GlobalSection(SolutionConfigurationPlatforms) = preSolution
		Debug|Any CPU = Debug|Any CPU
		Release|Any CPU = Release|Any CPU
	EndGlobalSection
	GlobalSection(ProjectConfigurationPlatforms) = postSolution
		{127048BA-7A18-336B-DED7-9F0A7F86C1B0}.Debug|Any CPU.ActiveCfg = Debug|Any CPU
		{127048BA-7A18-336B-DED7-9F0A7F86C1B0}.Debug|Any CPU.Build.0 = Debug|Any CPU
		{127048BA-7A18-336B-DED7-9F0A7F86C1B0}.Release|Any CPU.ActiveCfg = Release|Any CPU
		{127048BA-7A18-336B-DED7-9F0A7F86C1B0}.Release|Any CPU.Build.0 = Release|Any CPU
		{DE5CC811-DD72-3682-5E4C-C1A205EE0767}.Debug|Any CPU.ActiveCfg = Debug|Any CPU
		{DE5CC811-DD72-3682-5E4C-C1A205EE0767}.Debug|Any CPU.Build.0 = Debug|Any CPU
		{DE5CC811-DD72-3682-5E4C-C1A205EE0767}.Release|Any CPU.ActiveCfg = Release|Any CPU
		{DE5CC811-DD72-3682-5E4C-C1A205EE0767}.Release|Any CPU.Build.0 = Release|Any CPU
		{B39418DE-52FF-EC57-0520-CF6EB7C4C59B}.Debug|Any CPU.ActiveCfg = Debug|Any CPU
		{B39418DE-52FF-EC57-0520-CF6EB7C4C59B}.Debug|Any CPU.Build.0 = Debug|Any CPU
		{B39418DE-52FF-EC57-0520-CF6EB7C4C59B}.Release|Any CPU.ActiveCfg = Release|Any CPU
		{B39418DE-52FF-EC57-0520-CF6EB7C4C59B}.Release|Any CPU.Build.0 = Release|Any CPU
	EndGlobalSection
	GlobalSection(SolutionProperties) = preSolution
		HideSolutionNode = FALSE
	EndGlobalSection
																																																									GlobalSection(MonoDevelopProperties) = preSolution
		StartupItem = Assembly-CSharp.csproj
		Policies = $0
		$0.TextStylePolicy = $1
		$1.inheritsSet = null
		$1.scope = text/x-csharp
		$0.CSharpFormattingPolicy = $2
		$2.inheritsSet = Mono
		$2.inheritsScope = text/x-csharp
		$2.scope = text/x-csharp
		$0.TextStylePolicy = $3
		$3.FileWidth = 120
		$3.TabWidth = 4
		$3.EolMarker = Unix
		$3.inheritsSet = Mono
		$3.inheritsScope = text/plain
		$3.scope = text/plain
	EndGlobalSection

EndGlobal
